// !$*UTF8*$!
{
	archiveVersion = 1;
	classes = {
	};
	objectVersion = 50;
	objects = {

/* Begin PBXBuildFile section */
		5F368CB424E5222A00EB3C9A /* AppDelegate.swift in Sources */ = {isa = PBXBuildFile; fileRef = 5F368CB324E5222A00EB3C9A /* AppDelegate.swift */; };
		5F368CB624E5222A00EB3C9A /* SceneDelegate.swift in Sources */ = {isa = PBXBuildFile; fileRef = 5F368CB524E5222A00EB3C9A /* SceneDelegate.swift */; };
		5F368CB824E5222A00EB3C9A /* ViewController.swift in Sources */ = {isa = PBXBuildFile; fileRef = 5F368CB724E5222A00EB3C9A /* ViewController.swift */; };
		5F368CBB24E5222A00EB3C9A /* Main.storyboard in Resources */ = {isa = PBXBuildFile; fileRef = 5F368CB924E5222A00EB3C9A /* Main.storyboard */; };
		5F368CBD24E5222E00EB3C9A /* Assets.xcassets in Resources */ = {isa = PBXBuildFile; fileRef = 5F368CBC24E5222E00EB3C9A /* Assets.xcassets */; };
		5F368CC024E5222E00EB3C9A /* LaunchScreen.storyboard in Resources */ = {isa = PBXBuildFile; fileRef = 5F368CBE24E5222E00EB3C9A /* LaunchScreen.storyboard */; };
		5F368CCB24E5222F00EB3C9A /* MediaMagicTests.swift in Sources */ = {isa = PBXBuildFile; fileRef = 5F368CCA24E5222F00EB3C9A /* MediaMagicTests.swift */; };
		5F368CD624E5222F00EB3C9A /* MediaMagicUITests.swift in Sources */ = {isa = PBXBuildFile; fileRef = 5F368CD524E5222F00EB3C9A /* MediaMagicUITests.swift */; };
		5F368CE824E57D6500EB3C9A /* ListData.swift in Sources */ = {isa = PBXBuildFile; fileRef = 5F368CE724E57D6500EB3C9A /* ListData.swift */; };
		5F368CF124E5853800EB3C9A /* ConnectionCheck.swift in Sources */ = {isa = PBXBuildFile; fileRef = 5F368CF024E5853800EB3C9A /* ConnectionCheck.swift */; };
		5F368CF324E587E000EB3C9A /* Constant.swift in Sources */ = {isa = PBXBuildFile; fileRef = 5F368CF224E587E000EB3C9A /* Constant.swift */; };
		5F368CF624E58A0100EB3C9A /* ImgListCollectionViewCell.swift in Sources */ = {isa = PBXBuildFile; fileRef = 5F368CF424E58A0100EB3C9A /* ImgListCollectionViewCell.swift */; };
		5F368CF724E58A0100EB3C9A /* ImgListCollectionViewCell.xib in Resources */ = {isa = PBXBuildFile; fileRef = 5F368CF524E58A0100EB3C9A /* ImgListCollectionViewCell.xib */; };
/* End PBXBuildFile section */

/* Begin PBXContainerItemProxy section */
		5F368CC724E5222F00EB3C9A /* PBXContainerItemProxy */ = {
			isa = PBXContainerItemProxy;
			containerPortal = 5F368CA824E5222A00EB3C9A /* Project object */;
			proxyType = 1;
			remoteGlobalIDString = 5F368CAF24E5222A00EB3C9A;
			remoteInfo = MediaMagic;
		};
		5F368CD224E5222F00EB3C9A /* PBXContainerItemProxy */ = {
			isa = PBXContainerItemProxy;
			containerPortal = 5F368CA824E5222A00EB3C9A /* Project object */;
			proxyType = 1;
			remoteGlobalIDString = 5F368CAF24E5222A00EB3C9A;
			remoteInfo = MediaMagic;
		};
/* End PBXContainerItemProxy section */

/* Begin PBXFileReference section */
		5F368CB024E5222A00EB3C9A /* MediaMagic.app */ = {isa = PBXFileReference; explicitFileType = wrapper.application; includeInIndex = 0; path = MediaMagic.app; sourceTree = BUILT_PRODUCTS_DIR; };
		5F368CB324E5222A00EB3C9A /* AppDelegate.swift */ = {isa = PBXFileReference; lastKnownFileType = sourcecode.swift; path = AppDelegate.swift; sourceTree = "<group>"; };
		5F368CB524E5222A00EB3C9A /* SceneDelegate.swift */ = {isa = PBXFileReference; lastKnownFileType = sourcecode.swift; path = SceneDelegate.swift; sourceTree = "<group>"; };
		5F368CB724E5222A00EB3C9A /* ViewController.swift */ = {isa = PBXFileReference; lastKnownFileType = sourcecode.swift; path = ViewController.swift; sourceTree = "<group>"; };
		5F368CBA24E5222A00EB3C9A /* Base */ = {isa = PBXFileReference; lastKnownFileType = file.storyboard; name = Base; path = Base.lproj/Main.storyboard; sourceTree = "<group>"; };
		5F368CBC24E5222E00EB3C9A /* Assets.xcassets */ = {isa = PBXFileReference; lastKnownFileType = folder.assetcatalog; path = Assets.xcassets; sourceTree = "<group>"; };
		5F368CBF24E5222E00EB3C9A /* Base */ = {isa = PBXFileReference; lastKnownFileType = file.storyboard; name = Base; path = Base.lproj/LaunchScreen.storyboard; sourceTree = "<group>"; };
		5F368CC124E5222E00EB3C9A /* Info.plist */ = {isa = PBXFileReference; lastKnownFileType = text.plist.xml; path = Info.plist; sourceTree = "<group>"; };
		5F368CC624E5222F00EB3C9A /* MediaMagicTests.xctest */ = {isa = PBXFileReference; explicitFileType = wrapper.cfbundle; includeInIndex = 0; path = MediaMagicTests.xctest; sourceTree = BUILT_PRODUCTS_DIR; };
		5F368CCA24E5222F00EB3C9A /* MediaMagicTests.swift */ = {isa = PBXFileReference; lastKnownFileType = sourcecode.swift; path = MediaMagicTests.swift; sourceTree = "<group>"; };
		5F368CCC24E5222F00EB3C9A /* Info.plist */ = {isa = PBXFileReference; lastKnownFileType = text.plist.xml; path = Info.plist; sourceTree = "<group>"; };
		5F368CD124E5222F00EB3C9A /* MediaMagicUITests.xctest */ = {isa = PBXFileReference; explicitFileType = wrapper.cfbundle; includeInIndex = 0; path = MediaMagicUITests.xctest; sourceTree = BUILT_PRODUCTS_DIR; };
		5F368CD524E5222F00EB3C9A /* MediaMagicUITests.swift */ = {isa = PBXFileReference; lastKnownFileType = sourcecode.swift; path = MediaMagicUITests.swift; sourceTree = "<group>"; };
		5F368CD724E5222F00EB3C9A /* Info.plist */ = {isa = PBXFileReference; lastKnownFileType = text.plist.xml; path = Info.plist; sourceTree = "<group>"; };
		5F368CE724E57D6500EB3C9A /* ListData.swift */ = {isa = PBXFileReference; lastKnownFileType = sourcecode.swift; path = ListData.swift; sourceTree = "<group>"; };
		5F368CF024E5853800EB3C9A /* ConnectionCheck.swift */ = {isa = PBXFileReference; lastKnownFileType = sourcecode.swift; path = ConnectionCheck.swift; sourceTree = "<group>"; };
		5F368CF224E587E000EB3C9A /* Constant.swift */ = {isa = PBXFileReference; lastKnownFileType = sourcecode.swift; path = Constant.swift; sourceTree = "<group>"; };
		5F368CF424E58A0100EB3C9A /* ImgListCollectionViewCell.swift */ = {isa = PBXFileReference; lastKnownFileType = sourcecode.swift; path = ImgListCollectionViewCell.swift; sourceTree = "<group>"; };
		5F368CF524E58A0100EB3C9A /* ImgListCollectionViewCell.xib */ = {isa = PBXFileReference; lastKnownFileType = file.xib; path = ImgListCollectionViewCell.xib; sourceTree = "<group>"; };
/* End PBXFileReference section */

/* Begin PBXFrameworksBuildPhase section */
		5F368CAD24E5222A00EB3C9A /* Frameworks */ = {
			isa = PBXFrameworksBuildPhase;
			buildActionMask = 2147483647;
			files = (
			);
			runOnlyForDeploymentPostprocessing = 0;
		};
		5F368CC324E5222F00EB3C9A /* Frameworks */ = {
			isa = PBXFrameworksBuildPhase;
			buildActionMask = 2147483647;
			files = (
			);
			runOnlyForDeploymentPostprocessing = 0;
		};
		5F368CCE24E5222F00EB3C9A /* Frameworks */ = {
			isa = PBXFrameworksBuildPhase;
			buildActionMask = 2147483647;
			files = (
			);
			runOnlyForDeploymentPostprocessing = 0;
		};
/* End PBXFrameworksBuildPhase section */

/* Begin PBXGroup section */
		5F368CA724E5222A00EB3C9A = {
			isa = PBXGroup;
			children = (
				5F368CB224E5222A00EB3C9A /* MediaMagic */,
				5F368CC924E5222F00EB3C9A /* MediaMagicTests */,
				5F368CD424E5222F00EB3C9A /* MediaMagicUITests */,
				5F368CB124E5222A00EB3C9A /* Products */,
			);
			sourceTree = "<group>";
		};
		5F368CB124E5222A00EB3C9A /* Products */ = {
			isa = PBXGroup;
			children = (
				5F368CB024E5222A00EB3C9A /* MediaMagic.app */,
				5F368CC624E5222F00EB3C9A /* MediaMagicTests.xctest */,
				5F368CD124E5222F00EB3C9A /* MediaMagicUITests.xctest */,
			);
			name = Products;
			sourceTree = "<group>";
		};
		5F368CB224E5222A00EB3C9A /* MediaMagic */ = {
			isa = PBXGroup;
			children = (
				5F368CE324E57A0400EB3C9A /* AppDelegate */,
				5F368CEF24E5850F00EB3C9A /* ConstantGroup */,
				5F368CE424E57B3800EB3C9A /* PictureListGroup */,
				5F368CB924E5222A00EB3C9A /* Main.storyboard */,
				5F368CBC24E5222E00EB3C9A /* Assets.xcassets */,
				5F368CBE24E5222E00EB3C9A /* LaunchScreen.storyboard */,
				5F368CC124E5222E00EB3C9A /* Info.plist */,
			);
			path = MediaMagic;
			sourceTree = "<group>";
		};
		5F368CC924E5222F00EB3C9A /* MediaMagicTests */ = {
			isa = PBXGroup;
			children = (
				5F368CCA24E5222F00EB3C9A /* MediaMagicTests.swift */,
				5F368CCC24E5222F00EB3C9A /* Info.plist */,
			);
			path = MediaMagicTests;
			sourceTree = "<group>";
		};
		5F368CD424E5222F00EB3C9A /* MediaMagicUITests */ = {
			isa = PBXGroup;
			children = (
				5F368CD524E5222F00EB3C9A /* MediaMagicUITests.swift */,
				5F368CD724E5222F00EB3C9A /* Info.plist */,
			);
			path = MediaMagicUITests;
			sourceTree = "<group>";
		};
		5F368CE324E57A0400EB3C9A /* AppDelegate */ = {
			isa = PBXGroup;
			children = (
				5F368CB324E5222A00EB3C9A /* AppDelegate.swift */,
				5F368CB524E5222A00EB3C9A /* SceneDelegate.swift */,
			);
			path = AppDelegate;
			sourceTree = "<group>";
		};
		5F368CE424E57B3800EB3C9A /* PictureListGroup */ = {
			isa = PBXGroup;
			children = (
				5F368CE624E57C6F00EB3C9A /* Data */,
				5F368CE524E57B5A00EB3C9A /* View */,
			);
			path = PictureListGroup;
			sourceTree = "<group>";
		};
		5F368CE524E57B5A00EB3C9A /* View */ = {
			isa = PBXGroup;
			children = (
				5F368CED24E57E8500EB3C9A /* CellGroup */,
				5F368CB724E5222A00EB3C9A /* ViewController.swift */,
			);
			path = View;
			sourceTree = "<group>";
		};
		5F368CE624E57C6F00EB3C9A /* Data */ = {
			isa = PBXGroup;
			children = (
				5F368CE724E57D6500EB3C9A /* ListData.swift */,
			);
			path = Data;
			sourceTree = "<group>";
		};
		5F368CED24E57E8500EB3C9A /* CellGroup */ = {
			isa = PBXGroup;
			children = (
				5F368CF424E58A0100EB3C9A /* ImgListCollectionViewCell.swift */,
				5F368CF524E58A0100EB3C9A /* ImgListCollectionViewCell.xib */,
			);
			path = CellGroup;
			sourceTree = "<group>";
		};
		5F368CEE24E584FF00EB3C9A /* ConnectionCheck */ = {
			isa = PBXGroup;
			children = (
				5F368CF024E5853800EB3C9A /* ConnectionCheck.swift */,
			);
			path = ConnectionCheck;
			sourceTree = "<group>";
		};
		5F368CEF24E5850F00EB3C9A /* ConstantGroup */ = {
			isa = PBXGroup;
			children = (
				5F368CEE24E584FF00EB3C9A /* ConnectionCheck */,
				5F368CF224E587E000EB3C9A /* Constant.swift */,
			);
			path = ConstantGroup;
			sourceTree = "<group>";
		};
/* End PBXGroup section */

/* Begin PBXNativeTarget section */
		5F368CAF24E5222A00EB3C9A /* MediaMagic */ = {
			isa = PBXNativeTarget;
			buildConfigurationList = 5F368CDA24E5222F00EB3C9A /* Build configuration list for PBXNativeTarget "MediaMagic" */;
			buildPhases = (
				5F368CAC24E5222A00EB3C9A /* Sources */,
				5F368CAD24E5222A00EB3C9A /* Frameworks */,
				5F368CAE24E5222A00EB3C9A /* Resources */,
			);
			buildRules = (
			);
			dependencies = (
			);
			name = MediaMagic;
			productName = MediaMagic;
			productReference = 5F368CB024E5222A00EB3C9A /* MediaMagic.app */;
			productType = "com.apple.product-type.application";
		};
		5F368CC524E5222F00EB3C9A /* MediaMagicTests */ = {
			isa = PBXNativeTarget;
			buildConfigurationList = 5F368CDD24E5222F00EB3C9A /* Build configuration list for PBXNativeTarget "MediaMagicTests" */;
			buildPhases = (
				5F368CC224E5222F00EB3C9A /* Sources */,
				5F368CC324E5222F00EB3C9A /* Frameworks */,
				5F368CC424E5222F00EB3C9A /* Resources */,
			);
			buildRules = (
			);
			dependencies = (
				5F368CC824E5222F00EB3C9A /* PBXTargetDependency */,
			);
			name = MediaMagicTests;
			productName = MediaMagicTests;
			productReference = 5F368CC624E5222F00EB3C9A /* MediaMagicTests.xctest */;
			productType = "com.apple.product-type.bundle.unit-test";
		};
		5F368CD024E5222F00EB3C9A /* MediaMagicUITests */ = {
			isa = PBXNativeTarget;
			buildConfigurationList = 5F368CE024E5222F00EB3C9A /* Build configuration list for PBXNativeTarget "MediaMagicUITests" */;
			buildPhases = (
				5F368CCD24E5222F00EB3C9A /* Sources */,
				5F368CCE24E5222F00EB3C9A /* Frameworks */,
				5F368CCF24E5222F00EB3C9A /* Resources */,
			);
			buildRules = (
			);
			dependencies = (
				5F368CD324E5222F00EB3C9A /* PBXTargetDependency */,
			);
			name = MediaMagicUITests;
			productName = MediaMagicUITests;
			productReference = 5F368CD124E5222F00EB3C9A /* MediaMagicUITests.xctest */;
			productType = "com.apple.product-type.bundle.ui-testing";
		};
/* End PBXNativeTarget section */

/* Begin PBXProject section */
		5F368CA824E5222A00EB3C9A /* Project object */ = {
			isa = PBXProject;
			attributes = {
				LastSwiftUpdateCheck = 1100;
				LastUpgradeCheck = 1100;
				ORGANIZATIONNAME = "ABDUL KADIR ANSARI";
				TargetAttributes = {
					5F368CAF24E5222A00EB3C9A = {
						CreatedOnToolsVersion = 11.0;
					};
					5F368CC524E5222F00EB3C9A = {
						CreatedOnToolsVersion = 11.0;
						TestTargetID = 5F368CAF24E5222A00EB3C9A;
					};
					5F368CD024E5222F00EB3C9A = {
						CreatedOnToolsVersion = 11.0;
						TestTargetID = 5F368CAF24E5222A00EB3C9A;
					};
				};
			};
			buildConfigurationList = 5F368CAB24E5222A00EB3C9A /* Build configuration list for PBXProject "MediaMagic" */;
			compatibilityVersion = "Xcode 9.3";
			developmentRegion = en;
			hasScannedForEncodings = 0;
			knownRegions = (
				en,
				Base,
			);
			mainGroup = 5F368CA724E5222A00EB3C9A;
			productRefGroup = 5F368CB124E5222A00EB3C9A /* Products */;
			projectDirPath = "";
			projectRoot = "";
			targets = (
				5F368CAF24E5222A00EB3C9A /* MediaMagic */,
				5F368CC524E5222F00EB3C9A /* MediaMagicTests */,
				5F368CD024E5222F00EB3C9A /* MediaMagicUITests */,
			);
		};
/* End PBXProject section */

/* Begin PBXResourcesBuildPhase section */
		5F368CAE24E5222A00EB3C9A /* Resources */ = {
			isa = PBXResourcesBuildPhase;
			buildActionMask = 2147483647;
			files = (
				5F368CC024E5222E00EB3C9A /* LaunchScreen.storyboard in Resources */,
				5F368CBD24E5222E00EB3C9A /* Assets.xcassets in Resources */,
				5F368CBB24E5222A00EB3C9A /* Main.storyboard in Resources */,
				5F368CF724E58A0100EB3C9A /* ImgListCollectionViewCell.xib in Resources */,
			);
			runOnlyForDeploymentPostprocessing = 0;
		};
		5F368CC424E5222F00EB3C9A /* Resources */ = {
			isa = PBXResourcesBuildPhase;
			buildActionMask = 2147483647;
			files = (
			);
			runOnlyForDeploymentPostprocessing = 0;
		};
		5F368CCF24E5222F00EB3C9A /* Resources */ = {
			isa = PBXResourcesBuildPhase;
			buildActionMask = 2147483647;
			files = (
			);
			runOnlyForDeploymentPostprocessing = 0;
		};
/* End PBXResourcesBuildPhase section */

/* Begin PBXSourcesBuildPhase section */
		5F368CAC24E5222A00EB3C9A /* Sources */ = {
			isa = PBXSourcesBuildPhase;
			buildActionMask = 2147483647;
			files = (
				5F368CF324E587E000EB3C9A /* Constant.swift in Sources */,
				5F368CF124E5853800EB3C9A /* ConnectionCheck.swift in Sources */,
				5F368CF624E58A0100EB3C9A /* ImgListCollectionViewCell.swift in Sources */,
				5F368CB824E5222A00EB3C9A /* ViewController.swift in Sources */,
				5F368CB424E5222A00EB3C9A /* AppDelegate.swift in Sources */,
				5F368CB624E5222A00EB3C9A /* SceneDelegate.swift in Sources */,
				5F368CE824E57D6500EB3C9A /* ListData.swift in Sources */,
			);
			runOnlyForDeploymentPostprocessing = 0;
		};
		5F368CC224E5222F00EB3C9A /* Sources */ = {
			isa = PBXSourcesBuildPhase;
			buildActionMask = 2147483647;
			files = (
				5F368CCB24E5222F00EB3C9A /* MediaMagicTests.swift in Sources */,
			);
			runOnlyForDeploymentPostprocessing = 0;
		};
		5F368CCD24E5222F00EB3C9A /* Sources */ = {
			isa = PBXSourcesBuildPhase;
			buildActionMask = 2147483647;
			files = (
				5F368CD624E5222F00EB3C9A /* MediaMagicUITests.swift in Sources */,
			);
			runOnlyForDeploymentPostprocessing = 0;
		};
/* End PBXSourcesBuildPhase section */

/* Begin PBXTargetDependency section */
		5F368CC824E5222F00EB3C9A /* PBXTargetDependency */ = {
			isa = PBXTargetDependency;
			target = 5F368CAF24E5222A00EB3C9A /* MediaMagic */;
			targetProxy = 5F368CC724E5222F00EB3C9A /* PBXContainerItemProxy */;
		};
		5F368CD324E5222F00EB3C9A /* PBXTargetDependency */ = {
			isa = PBXTargetDependency;
			target = 5F368CAF24E5222A00EB3C9A /* MediaMagic */;
			targetProxy = 5F368CD224E5222F00EB3C9A /* PBXContainerItemProxy */;
		};
/* End PBXTargetDependency section */

/* Begin PBXVariantGroup section */
		5F368CB924E5222A00EB3C9A /* Main.storyboard */ = {
			isa = PBXVariantGroup;
			children = (
				5F368CBA24E5222A00EB3C9A /* Base */,
			);
			name = Main.storyboard;
			sourceTree = "<group>";
		};
		5F368CBE24E5222E00EB3C9A /* LaunchScreen.storyboard */ = {
			isa = PBXVariantGroup;
			children = (
				5F368CBF24E5222E00EB3C9A /* Base */,
			);
			name = LaunchScreen.storyboard;
			sourceTree = "<group>";
		};
/* End PBXVariantGroup section */

/* Begin XCBuildConfiguration section */
		5F368CD824E5222F00EB3C9A /* Debug */ = {
			isa = XCBuildConfiguration;
			buildSettings = {
				ALWAYS_SEARCH_USER_PATHS = NO;
				CLANG_ANALYZER_NONNULL = YES;
				CLANG_ANALYZER_NUMBER_OBJECT_CONVERSION = YES_AGGRESSIVE;
				CLANG_CXX_LANGUAGE_STANDARD = "gnu++14";
				CLANG_CXX_LIBRARY = "libc++";
				CLANG_ENABLE_MODULES = YES;
				CLANG_ENABLE_OBJC_ARC = YES;
				CLANG_ENABLE_OBJC_WEAK = YES;
				CLANG_WARN_BLOCK_CAPTURE_AUTORELEASING = YES;
				CLANG_WARN_BOOL_CONVERSION = YES;
				CLANG_WARN_COMMA = YES;
				CLANG_WARN_CONSTANT_CONVERSION = YES;
				CLANG_WARN_DEPRECATED_OBJC_IMPLEMENTATIONS = YES;
				CLANG_WARN_DIRECT_OBJC_ISA_USAGE = YES_ERROR;
				CLANG_WARN_DOCUMENTATION_COMMENTS = YES;
				CLANG_WARN_EMPTY_BODY = YES;
				CLANG_WARN_ENUM_CONVERSION = YES;
				CLANG_WARN_INFINITE_RECURSION = YES;
				CLANG_WARN_INT_CONVERSION = YES;
				CLANG_WARN_NON_LITERAL_NULL_CONVERSION = YES;
				CLANG_WARN_OBJC_IMPLICIT_RETAIN_SELF = YES;
				CLANG_WARN_OBJC_LITERAL_CONVERSION = YES;
				CLANG_WARN_OBJC_ROOT_CLASS = YES_ERROR;
				CLANG_WARN_RANGE_LOOP_ANALYSIS = YES;
				CLANG_WARN_STRICT_PROTOTYPES = YES;
				CLANG_WARN_SUSPICIOUS_MOVE = YES;
				CLANG_WARN_UNGUARDED_AVAILABILITY = YES_AGGRESSIVE;
				CLANG_WARN_UNREACHABLE_CODE = YES;
				CLANG_WARN__DUPLICATE_METHOD_MATCH = YES;
				COPY_PHASE_STRIP = NO;
				DEBUG_INFORMATION_FORMAT = dwarf;
				ENABLE_STRICT_OBJC_MSGSEND = YES;
				ENABLE_TESTABILITY = YES;
				GCC_C_LANGUAGE_STANDARD = gnu11;
				GCC_DYNAMIC_NO_PIC = NO;
				GCC_NO_COMMON_BLOCKS = YES;
				GCC_OPTIMIZATION_LEVEL = 0;
				GCC_PREPROCESSOR_DEFINITIONS = (
					"DEBUG=1",
					"$(inherited)",
				);
				GCC_WARN_64_TO_32_BIT_CONVERSION = YES;
				GCC_WARN_ABOUT_RETURN_TYPE = YES_ERROR;
				GCC_WARN_UNDECLARED_SELECTOR = YES;
				GCC_WARN_UNINITIALIZED_AUTOS = YES_AGGRESSIVE;
				GCC_WARN_UNUSED_FUNCTION = YES;
				GCC_WARN_UNUSED_VARIABLE = YES;
				IPHONEOS_DEPLOYMENT_TARGET = 13.0;
				MTL_ENABLE_DEBUG_INFO = INCLUDE_SOURCE;
				MTL_FAST_MATH = YES;
				ONLY_ACTIVE_ARCH = YES;
				SDKROOT = iphoneos;
				SWIFT_ACTIVE_COMPILATION_CONDITIONS = DEBUG;
				SWIFT_OPTIMIZATION_LEVEL = "-Onone";
			};
			name = Debug;
		};
		5F368CD924E5222F00EB3C9A /* Release */ = {
			isa = XCBuildConfiguration;
			buildSettings = {
				ALWAYS_SEARCH_USER_PATHS = NO;
				CLANG_ANALYZER_NONNULL = YES;
				CLANG_ANALYZER_NUMBER_OBJECT_CONVERSION = YES_AGGRESSIVE;
				CLANG_CXX_LANGUAGE_STANDARD = "gnu++14";
				CLANG_CXX_LIBRARY = "libc++";
				CLANG_ENABLE_MODULES = YES;
				CLANG_ENABLE_OBJC_ARC = YES;
				CLANG_ENABLE_OBJC_WEAK = YES;
				CLANG_WARN_BLOCK_CAPTURE_AUTORELEASING = YES;
				CLANG_WARN_BOOL_CONVERSION = YES;
				CLANG_WARN_COMMA = YES;
				CLANG_WARN_CONSTANT_CONVERSION = YES;
				CLANG_WARN_DEPRECATED_OBJC_IMPLEMENTATIONS = YES;
				CLANG_WARN_DIRECT_OBJC_ISA_USAGE = YES_ERROR;
				CLANG_WARN_DOCUMENTATION_COMMENTS = YES;
				CLANG_WARN_EMPTY_BODY = YES;
				CLANG_WARN_ENUM_CONVERSION = YES;
				CLANG_WARN_INFINITE_RECURSION = YES;
				CLANG_WARN_INT_CONVERSION = YES;
				CLANG_WARN_NON_LITERAL_NULL_CONVERSION = YES;
				CLANG_WARN_OBJC_IMPLICIT_RETAIN_SELF = YES;
				CLANG_WARN_OBJC_LITERAL_CONVERSION = YES;
				CLANG_WARN_OBJC_ROOT_CLASS = YES_ERROR;
				CLANG_WARN_RANGE_LOOP_ANALYSIS = YES;
				CLANG_WARN_STRICT_PROTOTYPES = YES;
				CLANG_WARN_SUSPICIOUS_MOVE = YES;
				CLANG_WARN_UNGUARDED_AVAILABILITY = YES_AGGRESSIVE;
				CLANG_WARN_UNREACHABLE_CODE = YES;
				CLANG_WARN__DUPLICATE_METHOD_MATCH = YES;
				COPY_PHASE_STRIP = NO;
				DEBUG_INFORMATION_FORMAT = "dwarf-with-dsym";
				ENABLE_NS_ASSERTIONS = NO;
				ENABLE_STRICT_OBJC_MSGSEND = YES;
				GCC_C_LANGUAGE_STANDARD = gnu11;
				GCC_NO_COMMON_BLOCKS = YES;
				GCC_WARN_64_TO_32_BIT_CONVERSION = YES;
				GCC_WARN_ABOUT_RETURN_TYPE = YES_ERROR;
				GCC_WARN_UNDECLARED_SELECTOR = YES;
				GCC_WARN_UNINITIALIZED_AUTOS = YES_AGGRESSIVE;
				GCC_WARN_UNUSED_FUNCTION = YES;
				GCC_WARN_UNUSED_VARIABLE = YES;
				IPHONEOS_DEPLOYMENT_TARGET = 13.0;
				MTL_ENABLE_DEBUG_INFO = NO;
				MTL_FAST_MATH = YES;
				SDKROOT = iphoneos;
				SWIFT_COMPILATION_MODE = wholemodule;
				SWIFT_OPTIMIZATION_LEVEL = "-O";
				VALIDATE_PRODUCT = YES;
			};
			name = Release;
		};
		5F368CDB24E5222F00EB3C9A /* Debug */ = {
			isa = XCBuildConfiguration;
			buildSettings = {
				ASSETCATALOG_COMPILER_APPICON_NAME = AppIcon;
				CODE_SIGN_STYLE = Automatic;
				DEVELOPMENT_TEAM = MACCTX99LL;
				INFOPLIST_FILE = MediaMagic/Info.plist;
				LD_RUNPATH_SEARCH_PATHS = (
					"$(inherited)",
					"@executable_path/Frameworks",
				);
				PRODUCT_BUNDLE_IDENTIFIER = com.aimbeat.MediaMagic;
				PRODUCT_NAME = "$(TARGET_NAME)";
				SWIFT_VERSION = 5.0;
				TARGETED_DEVICE_FAMILY = "1,2";
			};
			name = Debug;
		};
		5F368CDC24E5222F00EB3C9A /* Release */ = {
			isa = XCBuildConfiguration;
			buildSettings = {
				ASSETCATALOG_COMPILER_APPICON_NAME = AppIcon;
				CODE_SIGN_STYLE = Automatic;
				DEVELOPMENT_TEAM = MACCTX99LL;
				INFOPLIST_FILE = MediaMagic/Info.plist;
				LD_RUNPATH_SEARCH_PATHS = (
					"$(inherited)",
					"@executable_path/Frameworks",
				);
				PRODUCT_BUNDLE_IDENTIFIER = com.aimbeat.MediaMagic;
				PRODUCT_NAME = "$(TARGET_NAME)";
				SWIFT_VERSION = 5.0;
				TARGETED_DEVICE_FAMILY = "1,2";
			};
			name = Release;
		};
		5F368CDE24E5222F00EB3C9A /* Debug */ = {
			isa = XCBuildConfiguration;
			buildSettings = {
				ALWAYS_EMBED_SWIFT_STANDARD_LIBRARIES = YES;
				BUNDLE_LOADER = "$(TEST_HOST)";
				CODE_SIGN_STYLE = Automatic;
				DEVELOPMENT_TEAM = MACCTX99LL;
				INFOPLIST_FILE = MediaMagicTests/Info.plist;
				IPHONEOS_DEPLOYMENT_TARGET = 13.0;
				LD_RUNPATH_SEARCH_PATHS = (
					"$(inherited)",
					"@executable_path/Frameworks",
					"@loader_path/Frameworks",
				);
				PRODUCT_BUNDLE_IDENTIFIER = com.aimbeat.MediaMagicTests;
				PRODUCT_NAME = "$(TARGET_NAME)";
				SWIFT_VERSION = 5.0;
				TARGETED_DEVICE_FAMILY = "1,2";
				TEST_HOST = "$(BUILT_PRODUCTS_DIR)/MediaMagic.app/MediaMagic";
			};
			name = Debug;
		};
		5F368CDF24E5222F00EB3C9A /* Release */ = {
			isa = XCBuildConfiguration;
			buildSettings = {
				ALWAYS_EMBED_SWIFT_STANDARD_LIBRARIES = YES;
				BUNDLE_LOADER = "$(TEST_HOST)";
				CODE_SIGN_STYLE = Automatic;
				DEVELOPMENT_TEAM = MACCTX99LL;
				INFOPLIST_FILE = MediaMagicTests/Info.plist;
				IPHONEOS_DEPLOYMENT_TARGET = 13.0;
				LD_RUNPATH_SEARCH_PATHS = (
					"$(inherited)",
					"@executable_path/Frameworks",
					"@loader_path/Frameworks",
				);
				PRODUCT_BUNDLE_IDENTIFIER = com.aimbeat.MediaMagicTests;
				PRODUCT_NAME = "$(TARGET_NAME)";
				SWIFT_VERSION = 5.0;
				TARGETED_DEVICE_FAMILY = "1,2";
				TEST_HOST = "$(BUILT_PRODUCTS_DIR)/MediaMagic.app/MediaMagic";
			};
			name = Release;
		};
		5F368CE124E5222F00EB3C9A /* Debug */ = {
			isa = XCBuildConfiguration;
			buildSettings = {
				ALWAYS_EMBED_SWIFT_STANDARD_LIBRARIES = YES;
				CODE_SIGN_STYLE = Automatic;
				DEVELOPMENT_TEAM = MACCTX99LL;
				INFOPLIST_FILE = MediaMagicUITests/Info.plist;
				LD_RUNPATH_SEARCH_PATHS = (
					"$(inherited)",
					"@executable_path/Frameworks",
					"@loader_path/Frameworks",
				);
				PRODUCT_BUNDLE_IDENTIFIER = com.aimbeat.MediaMagicUITests;
				PRODUCT_NAME = "$(TARGET_NAME)";
				SWIFT_VERSION = 5.0;
				TARGETED_DEVICE_FAMILY = "1,2";
				TEST_TARGET_NAME = MediaMagic;
			};
			name = Debug;
		};
		5F368CE224E5222F00EB3C9A /* Release */ = {
			isa = XCBuildConfiguration;
			buildSettings = {
				ALWAYS_EMBED_SWIFT_STANDARD_LIBRARIES = YES;
				CODE_SIGN_STYLE = Automatic;
				DEVELOPMENT_TEAM = MACCTX99LL;
				INFOPLIST_FILE = MediaMagicUITests/Info.plist;
				LD_RUNPATH_SEARCH_PATHS = (
					"$(inherited)",
					"@executable_path/Frameworks",
					"@loader_path/Frameworks",
				);
				PRODUCT_BUNDLE_IDENTIFIER = com.aimbeat.MediaMagicUITests;
				PRODUCT_NAME = "$(TARGET_NAME)";
				SWIFT_VERSION = 5.0;
				TARGETED_DEVICE_FAMILY = "1,2";
				TEST_TARGET_NAME = MediaMagic;
			};
			name = Release;
		};
/* End XCBuildConfiguration section */

/* Begin XCConfigurationList section */
		5F368CAB24E5222A00EB3C9A /* Build configuration list for PBXProject "MediaMagic" */ = {
			isa = XCConfigurationList;
			buildConfigurations = (
				5F368CD824E5222F00EB3C9A /* Debug */,
				5F368CD924E5222F00EB3C9A /* Release */,
			);
			defaultConfigurationIsVisible = 0;
			defaultConfigurationName = Release;
		};
		5F368CDA24E5222F00EB3C9A /* Build configuration list for PBXNativeTarget "MediaMagic" */ = {
			isa = XCConfigurationList;
			buildConfigurations = (
				5F368CDB24E5222F00EB3C9A /* Debug */,
				5F368CDC24E5222F00EB3C9A /* Release */,
			);
			defaultConfigurationIsVisible = 0;
			defaultConfigurationName = Release;
		};
		5F368CDD24E5222F00EB3C9A /* Build configuration list for PBXNativeTarget "MediaMagicTests" */ = {
			isa = XCConfigurationList;
			buildConfigurations = (
				5F368CDE24E5222F00EB3C9A /* Debug */,
				5F368CDF24E5222F00EB3C9A /* Release */,
			);
			defaultConfigurationIsVisible = 0;
			defaultConfigurationName = Release;
		};
		5F368CE024E5222F00EB3C9A /* Build configuration list for PBXNativeTarget "MediaMagicUITests" */ = {
			isa = XCConfigurationList;
			buildConfigurations = (
				5F368CE124E5222F00EB3C9A /* Debug */,
				5F368CE224E5222F00EB3C9A /* Release */,
			);
			defaultConfigurationIsVisible = 0;
			defaultConfigurationName = Release;
		};
/* End XCConfigurationList section */
	};
	rootObject = 5F368CA824E5222A00EB3C9A /* Project object */;
}
